
Microsoft Visual Studio Solution File, Format Version 12.00
# Visual Studio 15
Project("{FAE04EC0-301F-11D3-BF4B-00C04F79EFBC}") = "NavMeshPlus", "NavMeshPlus.csproj", "{2370E879-866A-23B2-012B-F48A30AA92D1}"
EndProject
Project("{FAE04EC0-301F-11D3-BF4B-00C04F79EFBC}") = "Assembly-CSharp", "Assembly-CSharp.csproj", "{BCC1E40D-0E48-2AD1-E09A-25FDAF68B894}"
EndProject
Project("{FAE04EC0-301F-11D3-BF4B-00C04F79EFBC}") = "NavMeshPlusEditor", "NavMeshPlusEditor.csproj", "{35181796-6F12-D25E-F902-C4EB7AA9A8C1}"
EndProject
Global
	GlobalSection(SolutionConfigurationPlatforms) = preSolution
		Debug|Any CPU = Debug|Any CPU
		Release|Any CPU = Release|Any CPU
	EndGlobalSection
	GlobalSection(ProjectConfigurationPlatforms) = postSolution
		{2370E879-866A-23B2-012B-F48A30AA92D1}.Debug|Any CPU.ActiveCfg = Debug|Any CPU
		{2370E879-866A-23B2-012B-F48A30AA92D1}.Debug|Any CPU.Build.0 = Debug|Any CPU
		{2370E879-866A-23B2-012B-F48A30AA92D1}.Release|Any CPU.ActiveCfg = Release|Any CPU
		{2370E879-866A-23B2-012B-F48A30AA92D1}.Release|Any CPU.Build.0 = Release|Any CPU
		{BCC1E40D-0E48-2AD1-E09A-25FDAF68B894}.Debug|Any CPU.ActiveCfg = Debug|Any CPU
		{BCC1E40D-0E48-2AD1-E09A-25FDAF68B894}.Debug|Any CPU.Build.0 = Debug|Any CPU
		{BCC1E40D-0E48-2AD1-E09A-25FDAF68B894}.Release|Any CPU.ActiveCfg = Release|Any CPU
		{BCC1E40D-0E48-2AD1-E09A-25FDAF68B894}.Release|Any CPU.Build.0 = Release|Any CPU
		{35181796-6F12-D25E-F902-C4EB7AA9A8C1}.Debug|Any CPU.ActiveCfg = Debug|Any CPU
		{35181796-6F12-D25E-F902-C4EB7AA9A8C1}.Debug|Any CPU.Build.0 = Debug|Any CPU
		{35181796-6F12-D25E-F902-C4EB7AA9A8C1}.Release|Any CPU.ActiveCfg = Release|Any CPU
		{35181796-6F12-D25E-F902-C4EB7AA9A8C1}.Release|Any CPU.Build.0 = Release|Any CPU
	EndGlobalSection
	GlobalSection(SolutionProperties) = preSolution
		HideSolutionNode = FALSE
	EndGlobalSection
EndGlobal
